
Microsoft Visual Studio Solution File, Format Version 12.00
# Visual Studio 15
VisualStudioVersion = 15.0.28010.2048
MinimumVisualStudioVersion = 10.0.40219.1
Project("{9A19103F-16F7-4668-BE54-9A1E7A4F7556}") = "Homepage", "Homepage\Homepage.csproj", "{D6168143-F80E-44C8-B736-3153B054BE00}"
EndProject
Project("{9A19103F-16F7-4668-BE54-9A1E7A4F7556}") = "EvHomeCharging", "EvHomeCharging\EvHomeCharging.csproj", "{D49B7AF6-9E5E-4F3E-AF77-7DF7B74EF8AA}"
EndProject
Project("{9A19103F-16F7-4668-BE54-9A1E7A4F7556}") = "Fitness", "Fitness\Fitness.csproj", "{8813A520-9EAF-4209-919F-95D15B1441CE}"
EndProject
Global
	GlobalSection(SolutionConfigurationPlatforms) = preSolution
		Debug|Any CPU = Debug|Any CPU
		Release|Any CPU = Release|Any CPU
	EndGlobalSection
	GlobalSection(ProjectConfigurationPlatforms) = postSolution
		{D6168143-F80E-44C8-B736-3153B054BE00}.Debug|Any CPU.ActiveCfg = Debug|Any CPU
		{D6168143-F80E-44C8-B736-3153B054BE00}.Debug|Any CPU.Build.0 = Debug|Any CPU
		{D6168143-F80E-44C8-B736-3153B054BE00}.Release|Any CPU.ActiveCfg = Release|Any CPU
		{D6168143-F80E-44C8-B736-3153B054BE00}.Release|Any CPU.Build.0 = Release|Any CPU
		{D49B7AF6-9E5E-4F3E-AF77-7DF7B74EF8AA}.Debug|Any CPU.ActiveCfg = Debug|Any CPU
		{D49B7AF6-9E5E-4F3E-AF77-7DF7B74EF8AA}.Debug|Any CPU.Build.0 = Debug|Any CPU
		{D49B7AF6-9E5E-4F3E-AF77-7DF7B74EF8AA}.Release|Any CPU.ActiveCfg = Release|Any CPU
		{D49B7AF6-9E5E-4F3E-AF77-7DF7B74EF8AA}.Release|Any CPU.Build.0 = Release|Any CPU
		{8813A520-9EAF-4209-919F-95D15B1441CE}.Debug|Any CPU.ActiveCfg = Debug|Any CPU
		{8813A520-9EAF-4209-919F-95D15B1441CE}.Debug|Any CPU.Build.0 = Debug|Any CPU
		{8813A520-9EAF-4209-919F-95D15B1441CE}.Release|Any CPU.ActiveCfg = Release|Any CPU
		{8813A520-9EAF-4209-919F-95D15B1441CE}.Release|Any CPU.Build.0 = Release|Any CPU
	EndGlobalSection
	GlobalSection(SolutionProperties) = preSolution
		HideSolutionNode = FALSE
	EndGlobalSection
	GlobalSection(ExtensibilityGlobals) = postSolution
		SolutionGuid = {170DC9B7-09B2-4F0D-B0F1-9AEF590F221E}
	EndGlobalSection
EndGlobal
