
Microsoft Visual Studio Solution File, Format Version 12.00
# Visual Studio Version 16
VisualStudioVersion = 16.0.28407.52
MinimumVisualStudioVersion = 10.0.40219.1
Project("{9A19103F-16F7-4668-BE54-9A1E7A4F7556}") = "Homepage", "Homepage\Homepage.csproj", "{D6168143-F80E-44C8-B736-3153B054BE00}"
EndProject
Project("{9A19103F-16F7-4668-BE54-9A1E7A4F7556}") = "EvHomeCharging", "EvHomeCharging\EvHomeCharging.csproj", "{D49B7AF6-9E5E-4F3E-AF77-7DF7B74EF8AA}"
EndProject
Project("{9A19103F-16F7-4668-BE54-9A1E7A4F7556}") = "Fitness", "Fitness\Fitness.csproj", "{8813A520-9EAF-4209-919F-95D15B1441CE}"
EndProject
Project("{9A19103F-16F7-4668-BE54-9A1E7A4F7556}") = "UpdateFromGithub", "UpdateFromGithub\UpdateFromGithub.csproj", "{04368BA5-2F9B-43E1-B92E-D8324E5372C0}"
EndProject
Project("{9A19103F-16F7-4668-BE54-9A1E7A4F7556}") = "MinecraftDynMap", "MinecraftDynMap\MinecraftDynMap.csproj", "{1C799097-83E1-4816-AA26-EE506B903CF0}"
EndProject
Project("{9A19103F-16F7-4668-BE54-9A1E7A4F7556}") = "RedirectToHttps", "RedirectToHttps\RedirectToHttps.csproj", "{432E1BE9-68E0-4E55-B0EB-4EC692715271}"
EndProject
Project("{9A19103F-16F7-4668-BE54-9A1E7A4F7556}") = "RemoteApplications", "RemoteApplications\RemoteApplications.csproj", "{B0DC0267-F3D5-4E5A-91B3-7CBCE5FAADB1}"
EndProject
Project("{2150E333-8FDC-42A3-9474-1A3956D46DE8}") = "Libraries", "Libraries", "{E6C138F8-C8AE-488F-9634-F41C45A70534}"
EndProject
Project("{FAE04EC0-301F-11D3-BF4B-00C04F79EFBC}") = "DataSources", "libraries\DataSources\DataSources.csproj", "{FBE05E60-72DE-47BC-9FA3-FE8B2F8759C7}"
EndProject
Global
	GlobalSection(SolutionConfigurationPlatforms) = preSolution
		Debug|Any CPU = Debug|Any CPU
		Release|Any CPU = Release|Any CPU
	EndGlobalSection
	GlobalSection(ProjectConfigurationPlatforms) = postSolution
		{D6168143-F80E-44C8-B736-3153B054BE00}.Debug|Any CPU.ActiveCfg = Debug|Any CPU
		{D6168143-F80E-44C8-B736-3153B054BE00}.Debug|Any CPU.Build.0 = Debug|Any CPU
		{D6168143-F80E-44C8-B736-3153B054BE00}.Release|Any CPU.ActiveCfg = Release|Any CPU
		{D6168143-F80E-44C8-B736-3153B054BE00}.Release|Any CPU.Build.0 = Release|Any CPU
		{D49B7AF6-9E5E-4F3E-AF77-7DF7B74EF8AA}.Debug|Any CPU.ActiveCfg = Debug|Any CPU
		{D49B7AF6-9E5E-4F3E-AF77-7DF7B74EF8AA}.Debug|Any CPU.Build.0 = Debug|Any CPU
		{D49B7AF6-9E5E-4F3E-AF77-7DF7B74EF8AA}.Release|Any CPU.ActiveCfg = Release|Any CPU
		{D49B7AF6-9E5E-4F3E-AF77-7DF7B74EF8AA}.Release|Any CPU.Build.0 = Release|Any CPU
		{8813A520-9EAF-4209-919F-95D15B1441CE}.Debug|Any CPU.ActiveCfg = Debug|Any CPU
		{8813A520-9EAF-4209-919F-95D15B1441CE}.Debug|Any CPU.Build.0 = Debug|Any CPU
		{8813A520-9EAF-4209-919F-95D15B1441CE}.Release|Any CPU.ActiveCfg = Release|Any CPU
		{8813A520-9EAF-4209-919F-95D15B1441CE}.Release|Any CPU.Build.0 = Release|Any CPU
		{04368BA5-2F9B-43E1-B92E-D8324E5372C0}.Debug|Any CPU.ActiveCfg = Debug|Any CPU
		{04368BA5-2F9B-43E1-B92E-D8324E5372C0}.Debug|Any CPU.Build.0 = Debug|Any CPU
		{04368BA5-2F9B-43E1-B92E-D8324E5372C0}.Release|Any CPU.ActiveCfg = Release|Any CPU
		{04368BA5-2F9B-43E1-B92E-D8324E5372C0}.Release|Any CPU.Build.0 = Release|Any CPU
		{1C799097-83E1-4816-AA26-EE506B903CF0}.Debug|Any CPU.ActiveCfg = Debug|Any CPU
		{1C799097-83E1-4816-AA26-EE506B903CF0}.Debug|Any CPU.Build.0 = Debug|Any CPU
		{1C799097-83E1-4816-AA26-EE506B903CF0}.Release|Any CPU.ActiveCfg = Release|Any CPU
		{1C799097-83E1-4816-AA26-EE506B903CF0}.Release|Any CPU.Build.0 = Release|Any CPU
		{432E1BE9-68E0-4E55-B0EB-4EC692715271}.Debug|Any CPU.ActiveCfg = Debug|Any CPU
		{432E1BE9-68E0-4E55-B0EB-4EC692715271}.Debug|Any CPU.Build.0 = Debug|Any CPU
		{432E1BE9-68E0-4E55-B0EB-4EC692715271}.Release|Any CPU.ActiveCfg = Release|Any CPU
		{432E1BE9-68E0-4E55-B0EB-4EC692715271}.Release|Any CPU.Build.0 = Release|Any CPU
		{B0DC0267-F3D5-4E5A-91B3-7CBCE5FAADB1}.Debug|Any CPU.ActiveCfg = Debug|Any CPU
		{B0DC0267-F3D5-4E5A-91B3-7CBCE5FAADB1}.Debug|Any CPU.Build.0 = Debug|Any CPU
		{B0DC0267-F3D5-4E5A-91B3-7CBCE5FAADB1}.Release|Any CPU.ActiveCfg = Release|Any CPU
		{B0DC0267-F3D5-4E5A-91B3-7CBCE5FAADB1}.Release|Any CPU.Build.0 = Release|Any CPU
		{FBE05E60-72DE-47BC-9FA3-FE8B2F8759C7}.Debug|Any CPU.ActiveCfg = Debug|Any CPU
		{FBE05E60-72DE-47BC-9FA3-FE8B2F8759C7}.Debug|Any CPU.Build.0 = Debug|Any CPU
		{FBE05E60-72DE-47BC-9FA3-FE8B2F8759C7}.Release|Any CPU.ActiveCfg = Release|Any CPU
		{FBE05E60-72DE-47BC-9FA3-FE8B2F8759C7}.Release|Any CPU.Build.0 = Release|Any CPU
	EndGlobalSection
	GlobalSection(SolutionProperties) = preSolution
		HideSolutionNode = FALSE
	EndGlobalSection
	GlobalSection(NestedProjects) = preSolution
		{FBE05E60-72DE-47BC-9FA3-FE8B2F8759C7} = {E6C138F8-C8AE-488F-9634-F41C45A70534}
	EndGlobalSection
	GlobalSection(ExtensibilityGlobals) = postSolution
		SolutionGuid = {170DC9B7-09B2-4F0D-B0F1-9AEF590F221E}
	EndGlobalSection
EndGlobal
